
Microsoft Visual Studio Solution File, Format Version 12.00
# Visual Studio Version 17
VisualStudioVersion = 17.9.34728.123
MinimumVisualStudioVersion = 10.0.40219.1
Project("{2150E333-8FDC-42A3-9474-1A3956D46DE8}") = "Services", "Services", "{27946F1B-37CB-468A-AC4F-D842EFA972CF}"
EndProject
Project("{2150E333-8FDC-42A3-9474-1A3956D46DE8}") = "Catalogo", "Catalogo", "{E3FB3E87-A381-4168-A52F-E4B2DA79596B}"
EndProject
Project("{2150E333-8FDC-42A3-9474-1A3956D46DE8}") = "Core", "Core", "{7C33E421-60DE-46FC-A5A4-7C3216C9E0EF}"
EndProject
Project("{9A19103F-16F7-4668-BE54-9A1E7A4F7556}") = "NerdStore.Catalogo.Domain", "src\NerdStore.Catalogo.Domain\NerdStore.Catalogo.Domain.csproj", "{27E71F3C-19EC-4924-BD65-2D521A81AD87}"
EndProject
Project("{9A19103F-16F7-4668-BE54-9A1E7A4F7556}") = "NerdStore.Core", "src\NerdStore.Core\NerdStore.Core.csproj", "{791850EB-977B-4164-B2B1-8127D946B1D0}"
EndProject
Project("{2150E333-8FDC-42A3-9474-1A3956D46DE8}") = "Tests", "Tests", "{F311A708-B097-406C-9AD8-77D2B18A302E}"
EndProject
Project("{9A19103F-16F7-4668-BE54-9A1E7A4F7556}") = "NerdStore.Catalogo.Domain.Tests", "tests\NerdStore.Catalogo.Domain.Tests\NerdStore.Catalogo.Domain.Tests.csproj", "{7DDFABF0-EE20-4C30-A7DA-3416344EDBC8}"
EndProject
Project("{FAE04EC0-301F-11D3-BF4B-00C04F79EFBC}") = "NerdStore.Catalogo.Data", "src\NerdStore.Catalogo.Data\NerdStore.Catalogo.Data.csproj", "{CFEBF771-0857-44FE-893C-113E3680C0D7}"
EndProject
Project("{FAE04EC0-301F-11D3-BF4B-00C04F79EFBC}") = "NerdStore.Catalago.Application", "src\NerdStore.Catalago.Application\NerdStore.Catalago.Application.csproj", "{06035762-5617-46A2-8DD5-66E6836AEF39}"
EndProject
Project("{2150E333-8FDC-42A3-9474-1A3956D46DE8}") = "Vendas", "Vendas", "{39E81200-DAF7-4263-B54F-0C0A4D28FF08}"
EndProject
Project("{FAE04EC0-301F-11D3-BF4B-00C04F79EFBC}") = "NerdStore.Vendas.Domain", "src\NerdStore.Vendas.Domain\NerdStore.Vendas.Domain.csproj", "{97760798-3E1B-4564-BDB3-A0F90375E660}"
EndProject
Project("{FAE04EC0-301F-11D3-BF4B-00C04F79EFBC}") = "NerdStore.Vendas.Application", "src\NerdStore.Vendas.Application\NerdStore.Vendas.Application.csproj", "{2C9CD0FA-CD1D-40F7-9CCE-76EB3213BBD1}"
EndProject
Project("{FAE04EC0-301F-11D3-BF4B-00C04F79EFBC}") = "NerdStore.Vendas.Data", "src\NerdStore.Vendas.Data\NerdStore.Vendas.Data.csproj", "{FAB000C8-70D3-49FB-9503-E02AB9AB6FD6}"
EndProject
Global
	GlobalSection(SolutionConfigurationPlatforms) = preSolution
		Debug|Any CPU = Debug|Any CPU
		Release|Any CPU = Release|Any CPU
	EndGlobalSection
	GlobalSection(ProjectConfigurationPlatforms) = postSolution
		{27E71F3C-19EC-4924-BD65-2D521A81AD87}.Debug|Any CPU.ActiveCfg = Debug|Any CPU
		{27E71F3C-19EC-4924-BD65-2D521A81AD87}.Debug|Any CPU.Build.0 = Debug|Any CPU
		{27E71F3C-19EC-4924-BD65-2D521A81AD87}.Release|Any CPU.ActiveCfg = Release|Any CPU
		{27E71F3C-19EC-4924-BD65-2D521A81AD87}.Release|Any CPU.Build.0 = Release|Any CPU
		{791850EB-977B-4164-B2B1-8127D946B1D0}.Debug|Any CPU.ActiveCfg = Debug|Any CPU
		{791850EB-977B-4164-B2B1-8127D946B1D0}.Debug|Any CPU.Build.0 = Debug|Any CPU
		{791850EB-977B-4164-B2B1-8127D946B1D0}.Release|Any CPU.ActiveCfg = Release|Any CPU
		{791850EB-977B-4164-B2B1-8127D946B1D0}.Release|Any CPU.Build.0 = Release|Any CPU
		{7DDFABF0-EE20-4C30-A7DA-3416344EDBC8}.Debug|Any CPU.ActiveCfg = Debug|Any CPU
		{7DDFABF0-EE20-4C30-A7DA-3416344EDBC8}.Debug|Any CPU.Build.0 = Debug|Any CPU
		{7DDFABF0-EE20-4C30-A7DA-3416344EDBC8}.Release|Any CPU.ActiveCfg = Release|Any CPU
		{7DDFABF0-EE20-4C30-A7DA-3416344EDBC8}.Release|Any CPU.Build.0 = Release|Any CPU
		{CFEBF771-0857-44FE-893C-113E3680C0D7}.Debug|Any CPU.ActiveCfg = Debug|Any CPU
		{CFEBF771-0857-44FE-893C-113E3680C0D7}.Debug|Any CPU.Build.0 = Debug|Any CPU
		{CFEBF771-0857-44FE-893C-113E3680C0D7}.Release|Any CPU.ActiveCfg = Release|Any CPU
		{CFEBF771-0857-44FE-893C-113E3680C0D7}.Release|Any CPU.Build.0 = Release|Any CPU
		{06035762-5617-46A2-8DD5-66E6836AEF39}.Debug|Any CPU.ActiveCfg = Debug|Any CPU
		{06035762-5617-46A2-8DD5-66E6836AEF39}.Debug|Any CPU.Build.0 = Debug|Any CPU
		{06035762-5617-46A2-8DD5-66E6836AEF39}.Release|Any CPU.ActiveCfg = Release|Any CPU
		{06035762-5617-46A2-8DD5-66E6836AEF39}.Release|Any CPU.Build.0 = Release|Any CPU
		{97760798-3E1B-4564-BDB3-A0F90375E660}.Debug|Any CPU.ActiveCfg = Debug|Any CPU
		{97760798-3E1B-4564-BDB3-A0F90375E660}.Debug|Any CPU.Build.0 = Debug|Any CPU
		{97760798-3E1B-4564-BDB3-A0F90375E660}.Release|Any CPU.ActiveCfg = Release|Any CPU
		{97760798-3E1B-4564-BDB3-A0F90375E660}.Release|Any CPU.Build.0 = Release|Any CPU
		{2C9CD0FA-CD1D-40F7-9CCE-76EB3213BBD1}.Debug|Any CPU.ActiveCfg = Debug|Any CPU
		{2C9CD0FA-CD1D-40F7-9CCE-76EB3213BBD1}.Debug|Any CPU.Build.0 = Debug|Any CPU
		{2C9CD0FA-CD1D-40F7-9CCE-76EB3213BBD1}.Release|Any CPU.ActiveCfg = Release|Any CPU
		{2C9CD0FA-CD1D-40F7-9CCE-76EB3213BBD1}.Release|Any CPU.Build.0 = Release|Any CPU
		{FAB000C8-70D3-49FB-9503-E02AB9AB6FD6}.Debug|Any CPU.ActiveCfg = Debug|Any CPU
		{FAB000C8-70D3-49FB-9503-E02AB9AB6FD6}.Debug|Any CPU.Build.0 = Debug|Any CPU
		{FAB000C8-70D3-49FB-9503-E02AB9AB6FD6}.Release|Any CPU.ActiveCfg = Release|Any CPU
		{FAB000C8-70D3-49FB-9503-E02AB9AB6FD6}.Release|Any CPU.Build.0 = Release|Any CPU
	EndGlobalSection
	GlobalSection(SolutionProperties) = preSolution
		HideSolutionNode = FALSE
	EndGlobalSection
	GlobalSection(NestedProjects) = preSolution
		{E3FB3E87-A381-4168-A52F-E4B2DA79596B} = {27946F1B-37CB-468A-AC4F-D842EFA972CF}
		{7C33E421-60DE-46FC-A5A4-7C3216C9E0EF} = {27946F1B-37CB-468A-AC4F-D842EFA972CF}
		{27E71F3C-19EC-4924-BD65-2D521A81AD87} = {E3FB3E87-A381-4168-A52F-E4B2DA79596B}
		{791850EB-977B-4164-B2B1-8127D946B1D0} = {7C33E421-60DE-46FC-A5A4-7C3216C9E0EF}
		{F311A708-B097-406C-9AD8-77D2B18A302E} = {E3FB3E87-A381-4168-A52F-E4B2DA79596B}
		{7DDFABF0-EE20-4C30-A7DA-3416344EDBC8} = {F311A708-B097-406C-9AD8-77D2B18A302E}
		{CFEBF771-0857-44FE-893C-113E3680C0D7} = {E3FB3E87-A381-4168-A52F-E4B2DA79596B}
		{06035762-5617-46A2-8DD5-66E6836AEF39} = {E3FB3E87-A381-4168-A52F-E4B2DA79596B}
		{39E81200-DAF7-4263-B54F-0C0A4D28FF08} = {27946F1B-37CB-468A-AC4F-D842EFA972CF}
		{97760798-3E1B-4564-BDB3-A0F90375E660} = {39E81200-DAF7-4263-B54F-0C0A4D28FF08}
		{2C9CD0FA-CD1D-40F7-9CCE-76EB3213BBD1} = {39E81200-DAF7-4263-B54F-0C0A4D28FF08}
		{FAB000C8-70D3-49FB-9503-E02AB9AB6FD6} = {39E81200-DAF7-4263-B54F-0C0A4D28FF08}
	EndGlobalSection
	GlobalSection(ExtensibilityGlobals) = postSolution
		SolutionGuid = {2ECBB089-6F67-4A33-8CA2-72FE4DFDE853}
	EndGlobalSection
EndGlobal
