
Microsoft Visual Studio Solution File, Format Version 12.00
# Visual Studio Version 17
VisualStudioVersion = 17.9.34728.123
MinimumVisualStudioVersion = 10.0.40219.1
Project("{2150E333-8FDC-42A3-9474-1A3956D46DE8}") = "Services", "Services", "{27946F1B-37CB-468A-AC4F-D842EFA972CF}"
EndProject
Project("{2150E333-8FDC-42A3-9474-1A3956D46DE8}") = "WebApps", "WebApps", "{4CAA3B87-93E5-4DF3-8CE3-963B115F2E66}"
EndProject
Project("{2150E333-8FDC-42A3-9474-1A3956D46DE8}") = "Cadastros", "Cadastros", "{D223332E-AD2D-4519-9C0F-2E953E78189C}"
EndProject
Project("{2150E333-8FDC-42A3-9474-1A3956D46DE8}") = "Catalogo", "Catalogo", "{E3FB3E87-A381-4168-A52F-E4B2DA79596B}"
EndProject
Project("{2150E333-8FDC-42A3-9474-1A3956D46DE8}") = "Core", "Core", "{7C33E421-60DE-46FC-A5A4-7C3216C9E0EF}"
EndProject
Project("{2150E333-8FDC-42A3-9474-1A3956D46DE8}") = "Fiscal", "Fiscal", "{15C1FA28-0EBB-401A-B0F9-5C2443B319DD}"
EndProject
Project("{2150E333-8FDC-42A3-9474-1A3956D46DE8}") = "Pagamentos", "Pagamentos", "{3CBB69F3-1D7A-43AC-9CF4-4879BDD38AD2}"
EndProject
Project("{2150E333-8FDC-42A3-9474-1A3956D46DE8}") = "Vendas", "Vendas", "{455156AB-F39C-4427-BCBA-24B2594D4A84}"
EndProject
Project("{FAE04EC0-301F-11D3-BF4B-00C04F79EFBC}") = "NerdStore.Catalogo.Domain", "src\NerdStore.Catalogo.Domain\NerdStore.Catalogo.Domain.csproj", "{27E71F3C-19EC-4924-BD65-2D521A81AD87}"
EndProject
Project("{FAE04EC0-301F-11D3-BF4B-00C04F79EFBC}") = "NerdStore.Core", "src\NerdStore.Core\NerdStore.Core.csproj", "{791850EB-977B-4164-B2B1-8127D946B1D0}"
EndProject
Project("{2150E333-8FDC-42A3-9474-1A3956D46DE8}") = "Tests", "Tests", "{F311A708-B097-406C-9AD8-77D2B18A302E}"
EndProject
Project("{FAE04EC0-301F-11D3-BF4B-00C04F79EFBC}") = "NerdStore.Catalogo.Domain.Tests", "tests\NerdStore.Catalogo.Domain.Tests\NerdStore.Catalogo.Domain.Tests.csproj", "{7DDFABF0-EE20-4C30-A7DA-3416344EDBC8}"
EndProject
Global
	GlobalSection(SolutionConfigurationPlatforms) = preSolution
		Debug|Any CPU = Debug|Any CPU
		Release|Any CPU = Release|Any CPU
	EndGlobalSection
	GlobalSection(ProjectConfigurationPlatforms) = postSolution
		{27E71F3C-19EC-4924-BD65-2D521A81AD87}.Debug|Any CPU.ActiveCfg = Debug|Any CPU
		{27E71F3C-19EC-4924-BD65-2D521A81AD87}.Debug|Any CPU.Build.0 = Debug|Any CPU
		{27E71F3C-19EC-4924-BD65-2D521A81AD87}.Release|Any CPU.ActiveCfg = Release|Any CPU
		{27E71F3C-19EC-4924-BD65-2D521A81AD87}.Release|Any CPU.Build.0 = Release|Any CPU
		{791850EB-977B-4164-B2B1-8127D946B1D0}.Debug|Any CPU.ActiveCfg = Debug|Any CPU
		{791850EB-977B-4164-B2B1-8127D946B1D0}.Debug|Any CPU.Build.0 = Debug|Any CPU
		{791850EB-977B-4164-B2B1-8127D946B1D0}.Release|Any CPU.ActiveCfg = Release|Any CPU
		{791850EB-977B-4164-B2B1-8127D946B1D0}.Release|Any CPU.Build.0 = Release|Any CPU
		{7DDFABF0-EE20-4C30-A7DA-3416344EDBC8}.Debug|Any CPU.ActiveCfg = Debug|Any CPU
		{7DDFABF0-EE20-4C30-A7DA-3416344EDBC8}.Debug|Any CPU.Build.0 = Debug|Any CPU
		{7DDFABF0-EE20-4C30-A7DA-3416344EDBC8}.Release|Any CPU.ActiveCfg = Release|Any CPU
		{7DDFABF0-EE20-4C30-A7DA-3416344EDBC8}.Release|Any CPU.Build.0 = Release|Any CPU
	EndGlobalSection
	GlobalSection(SolutionProperties) = preSolution
		HideSolutionNode = FALSE
	EndGlobalSection
	GlobalSection(NestedProjects) = preSolution
		{D223332E-AD2D-4519-9C0F-2E953E78189C} = {27946F1B-37CB-468A-AC4F-D842EFA972CF}
		{E3FB3E87-A381-4168-A52F-E4B2DA79596B} = {27946F1B-37CB-468A-AC4F-D842EFA972CF}
		{7C33E421-60DE-46FC-A5A4-7C3216C9E0EF} = {27946F1B-37CB-468A-AC4F-D842EFA972CF}
		{15C1FA28-0EBB-401A-B0F9-5C2443B319DD} = {27946F1B-37CB-468A-AC4F-D842EFA972CF}
		{3CBB69F3-1D7A-43AC-9CF4-4879BDD38AD2} = {27946F1B-37CB-468A-AC4F-D842EFA972CF}
		{455156AB-F39C-4427-BCBA-24B2594D4A84} = {27946F1B-37CB-468A-AC4F-D842EFA972CF}
		{27E71F3C-19EC-4924-BD65-2D521A81AD87} = {E3FB3E87-A381-4168-A52F-E4B2DA79596B}
		{791850EB-977B-4164-B2B1-8127D946B1D0} = {7C33E421-60DE-46FC-A5A4-7C3216C9E0EF}
		{F311A708-B097-406C-9AD8-77D2B18A302E} = {E3FB3E87-A381-4168-A52F-E4B2DA79596B}
		{7DDFABF0-EE20-4C30-A7DA-3416344EDBC8} = {F311A708-B097-406C-9AD8-77D2B18A302E}
	EndGlobalSection
	GlobalSection(ExtensibilityGlobals) = postSolution
		SolutionGuid = {2ECBB089-6F67-4A33-8CA2-72FE4DFDE853}
	EndGlobalSection
EndGlobal
